PODS:
  - JTComponentKit (1.0.6)
  - Masonry (1.1.0)

DEPENDENCIES:
  - JTComponentKit (from `../`)
  - Masonry

SPEC REPOS:
  trunk:
    - Masonry

EXTERNAL SOURCES:
  JTComponentKit:
    :path: "../"

SPEC CHECKSUMS:
  JTComponentKit: d79ef804bf02165ea8c13ef3cdfd10c1120c731e
  Masonry: 678fab65091a9290e40e2832a55e7ab731aad201

PODFILE CHECKSUM: 9424dcbc06a5941a8e142e059a03d54eefa35ca9

COCOAPODS: 1.15.2
