PODS:
  - JTComponentKit (2.1.1)
  - Masonry (1.1.0)
  - SnapKit (5.6.0)

DEPENDENCIES:
  - JTComponentKit (from `../`)
  - Masonry
  - SnapKit

SPEC REPOS:
  trunk:
    - Masonry
    - SnapKit

EXTERNAL SOURCES:
  JTComponentKit:
    :path: "../"

SPEC CHECKSUMS:
  JTComponentKit: 4c333ba49de76e222ff1611b6323118e63681217
  Masonry: 678fab65091a9290e40e2832a55e7ab731aad201
  SnapKit: e01d52ebb8ddbc333eefe2132acf85c8227d9c25

PODFILE CHECKSUM: 193f0bf6cafe6609667ab71e95d373d90d209a72

COCOAPODS: 1.15.2
